
Microsoft Visual Studio Solution File, Format Version 12.00
# Visual Studio Version 17
VisualStudioVersion = 17.6.33712.159
MinimumVisualStudioVersion = 10.0.40219.1
Project("{FAE04EC0-301F-11D3-BF4B-00C04F79EFBC}") = "FruitShop", "FruitShop\FruitShop.csproj", "{E93901BA-1186-4BFE-B599-EFB298ABDEEC}"
EndProject
Global
	GlobalSection(SolutionConfigurationPlatforms) = preSolution
		Debug|Any CPU = Debug|Any CPU
		Release|Any CPU = Release|Any CPU
	EndGlobalSection
	GlobalSection(ProjectConfigurationPlatforms) = postSolution
		{E93901BA-1186-4BFE-B599-EFB298ABDEEC}.Debug|Any CPU.ActiveCfg = Debug|Any CPU
		{E93901BA-1186-4BFE-B599-EFB298ABDEEC}.Debug|Any CPU.Build.0 = Debug|Any CPU
		{E93901BA-1186-4BFE-B599-EFB298ABDEEC}.Release|Any CPU.ActiveCfg = Release|Any CPU
		{E93901BA-1186-4BFE-B599-EFB298ABDEEC}.Release|Any CPU.Build.0 = Release|Any CPU
	EndGlobalSection
	GlobalSection(SolutionProperties) = preSolution
		HideSolutionNode = FALSE
	EndGlobalSection
	GlobalSection(ExtensibilityGlobals) = postSolution
		SolutionGuid = {0149A9A7-5BD0-4691-8CE9-212D6958B979}
	EndGlobalSection
EndGlobal
